
Microsoft Visual Studio Solution File, Format Version 12.00
# Visual Studio Version 16
VisualStudioVersion = 16.0.32802.440
MinimumVisualStudioVersion = 10.0.40219.1
Project("{FAE04EC0-301F-11D3-BF4B-00C04F79EFBC}") = "KampIntro", "KampIntro\KampIntro.csproj", "{C7EFF0AE-DB69-4004-AB33-DE07EB41ED12}"
EndProject
Project("{FAE04EC0-301F-11D3-BF4B-00C04F79EFBC}") = "Donguler", "Donguler\Donguler.csproj", "{5B93D63E-97B6-4389-8C9E-3EF57BA6CBC6}"
EndProject
Project("{FAE04EC0-301F-11D3-BF4B-00C04F79EFBC}") = "ClassIntro", "ClassIntro\ClassIntro.csproj", "{CE3DEF3C-8C34-4070-9D6C-CF7ACB30A0EF}"
EndProject
Project("{FAE04EC0-301F-11D3-BF4B-00C04F79EFBC}") = "Metotlar", "Metotlar\Metotlar.csproj", "{F26CE5AA-DAC2-4FBF-8742-09A5653F38C3}"
EndProject
Project("{FAE04EC0-301F-11D3-BF4B-00C04F79EFBC}") = "DegerVeReferansTipler", "DegerVeReferansTipler\DegerVeReferansTipler.csproj", "{A0615CD9-B605-4522-8F83-BCA6B05BF511}"
EndProject
Global
	GlobalSection(SolutionConfigurationPlatforms) = preSolution
		Debug|Any CPU = Debug|Any CPU
		Release|Any CPU = Release|Any CPU
	EndGlobalSection
	GlobalSection(ProjectConfigurationPlatforms) = postSolution
		{C7EFF0AE-DB69-4004-AB33-DE07EB41ED12}.Debug|Any CPU.ActiveCfg = Debug|Any CPU
		{C7EFF0AE-DB69-4004-AB33-DE07EB41ED12}.Debug|Any CPU.Build.0 = Debug|Any CPU
		{C7EFF0AE-DB69-4004-AB33-DE07EB41ED12}.Release|Any CPU.ActiveCfg = Release|Any CPU
		{C7EFF0AE-DB69-4004-AB33-DE07EB41ED12}.Release|Any CPU.Build.0 = Release|Any CPU
		{5B93D63E-97B6-4389-8C9E-3EF57BA6CBC6}.Debug|Any CPU.ActiveCfg = Debug|Any CPU
		{5B93D63E-97B6-4389-8C9E-3EF57BA6CBC6}.Debug|Any CPU.Build.0 = Debug|Any CPU
		{5B93D63E-97B6-4389-8C9E-3EF57BA6CBC6}.Release|Any CPU.ActiveCfg = Release|Any CPU
		{5B93D63E-97B6-4389-8C9E-3EF57BA6CBC6}.Release|Any CPU.Build.0 = Release|Any CPU
		{CE3DEF3C-8C34-4070-9D6C-CF7ACB30A0EF}.Debug|Any CPU.ActiveCfg = Debug|Any CPU
		{CE3DEF3C-8C34-4070-9D6C-CF7ACB30A0EF}.Debug|Any CPU.Build.0 = Debug|Any CPU
		{CE3DEF3C-8C34-4070-9D6C-CF7ACB30A0EF}.Release|Any CPU.ActiveCfg = Release|Any CPU
		{CE3DEF3C-8C34-4070-9D6C-CF7ACB30A0EF}.Release|Any CPU.Build.0 = Release|Any CPU
		{F26CE5AA-DAC2-4FBF-8742-09A5653F38C3}.Debug|Any CPU.ActiveCfg = Debug|Any CPU
		{F26CE5AA-DAC2-4FBF-8742-09A5653F38C3}.Debug|Any CPU.Build.0 = Debug|Any CPU
		{F26CE5AA-DAC2-4FBF-8742-09A5653F38C3}.Release|Any CPU.ActiveCfg = Release|Any CPU
		{F26CE5AA-DAC2-4FBF-8742-09A5653F38C3}.Release|Any CPU.Build.0 = Release|Any CPU
		{A0615CD9-B605-4522-8F83-BCA6B05BF511}.Debug|Any CPU.ActiveCfg = Debug|Any CPU
		{A0615CD9-B605-4522-8F83-BCA6B05BF511}.Debug|Any CPU.Build.0 = Debug|Any CPU
		{A0615CD9-B605-4522-8F83-BCA6B05BF511}.Release|Any CPU.ActiveCfg = Release|Any CPU
		{A0615CD9-B605-4522-8F83-BCA6B05BF511}.Release|Any CPU.Build.0 = Release|Any CPU
	EndGlobalSection
	GlobalSection(SolutionProperties) = preSolution
		HideSolutionNode = FALSE
	EndGlobalSection
	GlobalSection(ExtensibilityGlobals) = postSolution
		SolutionGuid = {DBB7FB59-2CC5-4C9D-8FBB-CAF4A05B3BC9}
	EndGlobalSection
EndGlobal
