
Microsoft Visual Studio Solution File, Format Version 12.00
# Visual Studio Version 16
VisualStudioVersion = 16.0.32802.440
MinimumVisualStudioVersion = 10.0.40219.1
Project("{9A19103F-16F7-4668-BE54-9A1E7A4F7556}") = "KampIntro", "KampIntro\KampIntro.csproj", "{C7EFF0AE-DB69-4004-AB33-DE07EB41ED12}"
EndProject
Project("{9A19103F-16F7-4668-BE54-9A1E7A4F7556}") = "Donguler", "Donguler\Donguler.csproj", "{5B93D63E-97B6-4389-8C9E-3EF57BA6CBC6}"
EndProject
Project("{9A19103F-16F7-4668-BE54-9A1E7A4F7556}") = "ClassIntro", "ClassIntro\ClassIntro.csproj", "{CE3DEF3C-8C34-4070-9D6C-CF7ACB30A0EF}"
EndProject
Project("{9A19103F-16F7-4668-BE54-9A1E7A4F7556}") = "Metotlar", "Metotlar\Metotlar.csproj", "{F26CE5AA-DAC2-4FBF-8742-09A5653F38C3}"
EndProject
Project("{9A19103F-16F7-4668-BE54-9A1E7A4F7556}") = "DegerVeReferansTipler", "DegerVeReferansTipler\DegerVeReferansTipler.csproj", "{A0615CD9-B605-4522-8F83-BCA6B05BF511}"
EndProject
Project("{9A19103F-16F7-4668-BE54-9A1E7A4F7556}") = "OOP1", "OOP1\OOP1.csproj", "{BBEBAE54-971F-43FE-A8DB-A24D097A40DF}"
EndProject
Project("{9A19103F-16F7-4668-BE54-9A1E7A4F7556}") = "Koleksiyonlar", "Koleksiyonlar\Koleksiyonlar.csproj", "{3AF3F3CD-020B-40AF-979F-9B6F78E939A2}"
EndProject
Project("{9A19103F-16F7-4668-BE54-9A1E7A4F7556}") = "GenericsIntro", "GenericsIntro\GenericsIntro.csproj", "{790D65D5-E671-40A6-9534-590BE4627F3C}"
EndProject
Project("{9A19103F-16F7-4668-BE54-9A1E7A4F7556}") = "OOP2", "OOP2\OOP2.csproj", "{88DCD35B-37F3-495B-860E-6CED83134776}"
EndProject
Project("{9A19103F-16F7-4668-BE54-9A1E7A4F7556}") = "OOP3", "OOP3\OOP3.csproj", "{23C8E839-A958-47E6-B491-03D965DD3AC1}"
EndProject
Project("{FAE04EC0-301F-11D3-BF4B-00C04F79EFBC}") = "Lesson_5_GameDemoHomework", "Lesson_5_GameDemoHomework\Lesson_5_GameDemoHomework.csproj", "{2B3FDCB2-3CDF-4C9A-8656-03CA3C71DA15}"
EndProject
Global
	GlobalSection(SolutionConfigurationPlatforms) = preSolution
		Debug|Any CPU = Debug|Any CPU
		Release|Any CPU = Release|Any CPU
	EndGlobalSection
	GlobalSection(ProjectConfigurationPlatforms) = postSolution
		{C7EFF0AE-DB69-4004-AB33-DE07EB41ED12}.Debug|Any CPU.ActiveCfg = Debug|Any CPU
		{C7EFF0AE-DB69-4004-AB33-DE07EB41ED12}.Debug|Any CPU.Build.0 = Debug|Any CPU
		{C7EFF0AE-DB69-4004-AB33-DE07EB41ED12}.Release|Any CPU.ActiveCfg = Release|Any CPU
		{C7EFF0AE-DB69-4004-AB33-DE07EB41ED12}.Release|Any CPU.Build.0 = Release|Any CPU
		{5B93D63E-97B6-4389-8C9E-3EF57BA6CBC6}.Debug|Any CPU.ActiveCfg = Debug|Any CPU
		{5B93D63E-97B6-4389-8C9E-3EF57BA6CBC6}.Debug|Any CPU.Build.0 = Debug|Any CPU
		{5B93D63E-97B6-4389-8C9E-3EF57BA6CBC6}.Release|Any CPU.ActiveCfg = Release|Any CPU
		{5B93D63E-97B6-4389-8C9E-3EF57BA6CBC6}.Release|Any CPU.Build.0 = Release|Any CPU
		{CE3DEF3C-8C34-4070-9D6C-CF7ACB30A0EF}.Debug|Any CPU.ActiveCfg = Debug|Any CPU
		{CE3DEF3C-8C34-4070-9D6C-CF7ACB30A0EF}.Debug|Any CPU.Build.0 = Debug|Any CPU
		{CE3DEF3C-8C34-4070-9D6C-CF7ACB30A0EF}.Release|Any CPU.ActiveCfg = Release|Any CPU
		{CE3DEF3C-8C34-4070-9D6C-CF7ACB30A0EF}.Release|Any CPU.Build.0 = Release|Any CPU
		{F26CE5AA-DAC2-4FBF-8742-09A5653F38C3}.Debug|Any CPU.ActiveCfg = Debug|Any CPU
		{F26CE5AA-DAC2-4FBF-8742-09A5653F38C3}.Debug|Any CPU.Build.0 = Debug|Any CPU
		{F26CE5AA-DAC2-4FBF-8742-09A5653F38C3}.Release|Any CPU.ActiveCfg = Release|Any CPU
		{F26CE5AA-DAC2-4FBF-8742-09A5653F38C3}.Release|Any CPU.Build.0 = Release|Any CPU
		{A0615CD9-B605-4522-8F83-BCA6B05BF511}.Debug|Any CPU.ActiveCfg = Debug|Any CPU
		{A0615CD9-B605-4522-8F83-BCA6B05BF511}.Debug|Any CPU.Build.0 = Debug|Any CPU
		{A0615CD9-B605-4522-8F83-BCA6B05BF511}.Release|Any CPU.ActiveCfg = Release|Any CPU
		{A0615CD9-B605-4522-8F83-BCA6B05BF511}.Release|Any CPU.Build.0 = Release|Any CPU
		{BBEBAE54-971F-43FE-A8DB-A24D097A40DF}.Debug|Any CPU.ActiveCfg = Debug|Any CPU
		{BBEBAE54-971F-43FE-A8DB-A24D097A40DF}.Debug|Any CPU.Build.0 = Debug|Any CPU
		{BBEBAE54-971F-43FE-A8DB-A24D097A40DF}.Release|Any CPU.ActiveCfg = Release|Any CPU
		{BBEBAE54-971F-43FE-A8DB-A24D097A40DF}.Release|Any CPU.Build.0 = Release|Any CPU
		{3AF3F3CD-020B-40AF-979F-9B6F78E939A2}.Debug|Any CPU.ActiveCfg = Debug|Any CPU
		{3AF3F3CD-020B-40AF-979F-9B6F78E939A2}.Debug|Any CPU.Build.0 = Debug|Any CPU
		{3AF3F3CD-020B-40AF-979F-9B6F78E939A2}.Release|Any CPU.ActiveCfg = Release|Any CPU
		{3AF3F3CD-020B-40AF-979F-9B6F78E939A2}.Release|Any CPU.Build.0 = Release|Any CPU
		{790D65D5-E671-40A6-9534-590BE4627F3C}.Debug|Any CPU.ActiveCfg = Debug|Any CPU
		{790D65D5-E671-40A6-9534-590BE4627F3C}.Debug|Any CPU.Build.0 = Debug|Any CPU
		{790D65D5-E671-40A6-9534-590BE4627F3C}.Release|Any CPU.ActiveCfg = Release|Any CPU
		{790D65D5-E671-40A6-9534-590BE4627F3C}.Release|Any CPU.Build.0 = Release|Any CPU
		{88DCD35B-37F3-495B-860E-6CED83134776}.Debug|Any CPU.ActiveCfg = Debug|Any CPU
		{88DCD35B-37F3-495B-860E-6CED83134776}.Debug|Any CPU.Build.0 = Debug|Any CPU
		{88DCD35B-37F3-495B-860E-6CED83134776}.Release|Any CPU.ActiveCfg = Release|Any CPU
		{88DCD35B-37F3-495B-860E-6CED83134776}.Release|Any CPU.Build.0 = Release|Any CPU
		{23C8E839-A958-47E6-B491-03D965DD3AC1}.Debug|Any CPU.ActiveCfg = Debug|Any CPU
		{23C8E839-A958-47E6-B491-03D965DD3AC1}.Debug|Any CPU.Build.0 = Debug|Any CPU
		{23C8E839-A958-47E6-B491-03D965DD3AC1}.Release|Any CPU.ActiveCfg = Release|Any CPU
		{23C8E839-A958-47E6-B491-03D965DD3AC1}.Release|Any CPU.Build.0 = Release|Any CPU
		{2B3FDCB2-3CDF-4C9A-8656-03CA3C71DA15}.Debug|Any CPU.ActiveCfg = Debug|Any CPU
		{2B3FDCB2-3CDF-4C9A-8656-03CA3C71DA15}.Debug|Any CPU.Build.0 = Debug|Any CPU
		{2B3FDCB2-3CDF-4C9A-8656-03CA3C71DA15}.Release|Any CPU.ActiveCfg = Release|Any CPU
		{2B3FDCB2-3CDF-4C9A-8656-03CA3C71DA15}.Release|Any CPU.Build.0 = Release|Any CPU
	EndGlobalSection
	GlobalSection(SolutionProperties) = preSolution
		HideSolutionNode = FALSE
	EndGlobalSection
	GlobalSection(ExtensibilityGlobals) = postSolution
		SolutionGuid = {DBB7FB59-2CC5-4C9D-8FBB-CAF4A05B3BC9}
	EndGlobalSection
EndGlobal
